
Microsoft Visual Studio Solution File, Format Version 12.00
# Visual Studio Version 17
VisualStudioVersion = 17.11.35312.102
MinimumVisualStudioVersion = 10.0.40219.1
Project("{FAE04EC0-301F-11D3-BF4B-00C04F79EFBC}") = "Projet_API_Detection_de_Fraude_Bancaire", "Projet_API_Detection_de_Fraude_Bancaire\Projet_API_Detection_de_Fraude_Bancaire.csproj", "{772E3FE2-2664-4A8A-A333-6183C8EA4F25}"
EndProject
Global
	GlobalSection(SolutionConfigurationPlatforms) = preSolution
		Debug|Any CPU = Debug|Any CPU
		Release|Any CPU = Release|Any CPU
	EndGlobalSection
	GlobalSection(ProjectConfigurationPlatforms) = postSolution
		{772E3FE2-2664-4A8A-A333-6183C8EA4F25}.Debug|Any CPU.ActiveCfg = Debug|Any CPU
		{772E3FE2-2664-4A8A-A333-6183C8EA4F25}.Debug|Any CPU.Build.0 = Debug|Any CPU
		{772E3FE2-2664-4A8A-A333-6183C8EA4F25}.Release|Any CPU.ActiveCfg = Release|Any CPU
		{772E3FE2-2664-4A8A-A333-6183C8EA4F25}.Release|Any CPU.Build.0 = Release|Any CPU
	EndGlobalSection
	GlobalSection(SolutionProperties) = preSolution
		HideSolutionNode = FALSE
	EndGlobalSection
	GlobalSection(ExtensibilityGlobals) = postSolution
		SolutionGuid = {0B28135C-3770-4794-91F8-E806352351CC}
	EndGlobalSection
EndGlobal
